
Microsoft Visual Studio Solution File, Format Version 12.00
# Visual Studio 14
VisualStudioVersion = 14.0.25123.0
MinimumVisualStudioVersion = 10.0.40219.1
Project("{FAE04EC0-301F-11D3-BF4B-00C04F79EFBC}") = "OneEchan.UWP", "OneEchan.UWP\OneEchan.UWP.csproj", "{AAE0E40E-FA28-4C88-B9C9-9A8AD1450578}"
EndProject
Project("{FAE04EC0-301F-11D3-BF4B-00C04F79EFBC}") = "OneEchan.Droid", "OneEchan.Droid\OneEchan.Droid.csproj", "{47803F8D-3066-4B8E-B20C-BFDBE895CFF3}"
EndProject
Project("{D954291E-2A0B-460D-934E-DC6B0785DB48}") = "OneEchan.Shared", "OneEchan.Shared\OneEchan.Shared.shproj", "{6AF1E69D-3561-41F0-A01A-39720411D11D}"
EndProject
Global
	GlobalSection(SharedMSBuildProjectFiles) = preSolution
		OneEchan.Shared\OneEchan.Shared.projitems*{47803f8d-3066-4b8e-b20c-bfdbe895cff3}*SharedItemsImports = 4
		OneEchan.Shared\OneEchan.Shared.projitems*{aae0e40e-fa28-4c88-b9c9-9a8ad1450578}*SharedItemsImports = 4
		OneEchan.Shared\OneEchan.Shared.projitems*{6af1e69d-3561-41f0-a01a-39720411d11d}*SharedItemsImports = 13
	EndGlobalSection
	GlobalSection(SolutionConfigurationPlatforms) = preSolution
		Debug|Any CPU = Debug|Any CPU
		Debug|ARM = Debug|ARM
		Debug|x64 = Debug|x64
		Debug|x86 = Debug|x86
		Release|Any CPU = Release|Any CPU
		Release|ARM = Release|ARM
		Release|x64 = Release|x64
		Release|x86 = Release|x86
	EndGlobalSection
	GlobalSection(ProjectConfigurationPlatforms) = postSolution
		{AAE0E40E-FA28-4C88-B9C9-9A8AD1450578}.Debug|Any CPU.ActiveCfg = Debug|x86
		{AAE0E40E-FA28-4C88-B9C9-9A8AD1450578}.Debug|ARM.ActiveCfg = Debug|ARM
		{AAE0E40E-FA28-4C88-B9C9-9A8AD1450578}.Debug|ARM.Build.0 = Debug|ARM
		{AAE0E40E-FA28-4C88-B9C9-9A8AD1450578}.Debug|ARM.Deploy.0 = Debug|ARM
		{AAE0E40E-FA28-4C88-B9C9-9A8AD1450578}.Debug|x64.ActiveCfg = Debug|x64
		{AAE0E40E-FA28-4C88-B9C9-9A8AD1450578}.Debug|x64.Build.0 = Debug|x64
		{AAE0E40E-FA28-4C88-B9C9-9A8AD1450578}.Debug|x64.Deploy.0 = Debug|x64
		{AAE0E40E-FA28-4C88-B9C9-9A8AD1450578}.Debug|x86.ActiveCfg = Debug|x86
		{AAE0E40E-FA28-4C88-B9C9-9A8AD1450578}.Debug|x86.Build.0 = Debug|x86
		{AAE0E40E-FA28-4C88-B9C9-9A8AD1450578}.Debug|x86.Deploy.0 = Debug|x86
		{AAE0E40E-FA28-4C88-B9C9-9A8AD1450578}.Release|Any CPU.ActiveCfg = Release|x86
		{AAE0E40E-FA28-4C88-B9C9-9A8AD1450578}.Release|ARM.ActiveCfg = Release|ARM
		{AAE0E40E-FA28-4C88-B9C9-9A8AD1450578}.Release|ARM.Build.0 = Release|ARM
		{AAE0E40E-FA28-4C88-B9C9-9A8AD1450578}.Release|ARM.Deploy.0 = Release|ARM
		{AAE0E40E-FA28-4C88-B9C9-9A8AD1450578}.Release|x64.ActiveCfg = Release|x64
		{AAE0E40E-FA28-4C88-B9C9-9A8AD1450578}.Release|x64.Build.0 = Release|x64
		{AAE0E40E-FA28-4C88-B9C9-9A8AD1450578}.Release|x64.Deploy.0 = Release|x64
		{AAE0E40E-FA28-4C88-B9C9-9A8AD1450578}.Release|x86.ActiveCfg = Release|x86
		{AAE0E40E-FA28-4C88-B9C9-9A8AD1450578}.Release|x86.Build.0 = Release|x86
		{AAE0E40E-FA28-4C88-B9C9-9A8AD1450578}.Release|x86.Deploy.0 = Release|x86
		{47803F8D-3066-4B8E-B20C-BFDBE895CFF3}.Debug|Any CPU.ActiveCfg = Debug|Any CPU
		{47803F8D-3066-4B8E-B20C-BFDBE895CFF3}.Debug|Any CPU.Build.0 = Debug|Any CPU
		{47803F8D-3066-4B8E-B20C-BFDBE895CFF3}.Debug|Any CPU.Deploy.0 = Debug|Any CPU
		{47803F8D-3066-4B8E-B20C-BFDBE895CFF3}.Debug|ARM.ActiveCfg = Debug|Any CPU
		{47803F8D-3066-4B8E-B20C-BFDBE895CFF3}.Debug|ARM.Build.0 = Debug|Any CPU
		{47803F8D-3066-4B8E-B20C-BFDBE895CFF3}.Debug|ARM.Deploy.0 = Debug|Any CPU
		{47803F8D-3066-4B8E-B20C-BFDBE895CFF3}.Debug|x64.ActiveCfg = Debug|Any CPU
		{47803F8D-3066-4B8E-B20C-BFDBE895CFF3}.Debug|x64.Build.0 = Debug|Any CPU
		{47803F8D-3066-4B8E-B20C-BFDBE895CFF3}.Debug|x64.Deploy.0 = Debug|Any CPU
		{47803F8D-3066-4B8E-B20C-BFDBE895CFF3}.Debug|x86.ActiveCfg = Debug|Any CPU
		{47803F8D-3066-4B8E-B20C-BFDBE895CFF3}.Debug|x86.Build.0 = Debug|Any CPU
		{47803F8D-3066-4B8E-B20C-BFDBE895CFF3}.Debug|x86.Deploy.0 = Debug|Any CPU
		{47803F8D-3066-4B8E-B20C-BFDBE895CFF3}.Release|Any CPU.ActiveCfg = Release|Any CPU
		{47803F8D-3066-4B8E-B20C-BFDBE895CFF3}.Release|Any CPU.Build.0 = Release|Any CPU
		{47803F8D-3066-4B8E-B20C-BFDBE895CFF3}.Release|Any CPU.Deploy.0 = Release|Any CPU
		{47803F8D-3066-4B8E-B20C-BFDBE895CFF3}.Release|ARM.ActiveCfg = Release|Any CPU
		{47803F8D-3066-4B8E-B20C-BFDBE895CFF3}.Release|ARM.Build.0 = Release|Any CPU
		{47803F8D-3066-4B8E-B20C-BFDBE895CFF3}.Release|ARM.Deploy.0 = Release|Any CPU
		{47803F8D-3066-4B8E-B20C-BFDBE895CFF3}.Release|x64.ActiveCfg = Release|Any CPU
		{47803F8D-3066-4B8E-B20C-BFDBE895CFF3}.Release|x64.Build.0 = Release|Any CPU
		{47803F8D-3066-4B8E-B20C-BFDBE895CFF3}.Release|x64.Deploy.0 = Release|Any CPU
		{47803F8D-3066-4B8E-B20C-BFDBE895CFF3}.Release|x86.ActiveCfg = Release|Any CPU
		{47803F8D-3066-4B8E-B20C-BFDBE895CFF3}.Release|x86.Build.0 = Release|Any CPU
		{47803F8D-3066-4B8E-B20C-BFDBE895CFF3}.Release|x86.Deploy.0 = Release|Any CPU
	EndGlobalSection
	GlobalSection(SolutionProperties) = preSolution
		HideSolutionNode = FALSE
	EndGlobalSection
EndGlobal
