
Microsoft Visual Studio Solution File, Format Version 12.00
# Visual Studio 14
VisualStudioVersion = 14.0.25420.1
MinimumVisualStudioVersion = 10.0.40219.1
Project("{FAE04EC0-301F-11D3-BF4B-00C04F79EFBC}") = "OneEchan.UWP", "OneEchan.UWP\OneEchan.UWP.csproj", "{AAE0E40E-FA28-4C88-B9C9-9A8AD1450578}"
EndProject
Project("{FAE04EC0-301F-11D3-BF4B-00C04F79EFBC}") = "OneEchan.Droid", "OneEchan.Droid\OneEchan.Droid.csproj", "{47803F8D-3066-4B8E-B20C-BFDBE895CFF3}"
EndProject
Project("{D954291E-2A0B-460D-934E-DC6B0785DB48}") = "OneEchan.Shared", "OneEchan.Shared\OneEchan.Shared.shproj", "{6AF1E69D-3561-41F0-A01A-39720411D11D}"
EndProject
Project("{FAE04EC0-301F-11D3-BF4B-00C04F79EFBC}") = "OneEchan.iOS", "OneEchan.iOS\OneEchan.iOS.csproj", "{D6F0DBB8-AD04-46E5-9E85-F132B7BED799}"
EndProject
Project("{FAE04EC0-301F-11D3-BF4B-00C04F79EFBC}") = "OneEchan.Core", "OneEchan.Core\OneEchan.Core.csproj", "{94574309-1C56-4F55-9535-7ED8F83552C1}"
EndProject
Project("{8BB2217D-0F2D-49D1-97BC-3654ED321F3B}") = "OneEchan.Server", "OneEchan.Server\OneEchan.Server.xproj", "{500FD253-1D68-42F1-8AEE-77C9ABF22C1F}"
EndProject
Global
	GlobalSection(SharedMSBuildProjectFiles) = preSolution
		OneEchan.Shared\OneEchan.Shared.projitems*{47803f8d-3066-4b8e-b20c-bfdbe895cff3}*SharedItemsImports = 4
		OneEchan.Shared\OneEchan.Shared.projitems*{6af1e69d-3561-41f0-a01a-39720411d11d}*SharedItemsImports = 13
		OneEchan.Shared\OneEchan.Shared.projitems*{aae0e40e-fa28-4c88-b9c9-9a8ad1450578}*SharedItemsImports = 4
		OneEchan.Shared\OneEchan.Shared.projitems*{d6f0dbb8-ad04-46e5-9e85-f132b7bed799}*SharedItemsImports = 4
	EndGlobalSection
	GlobalSection(SolutionConfigurationPlatforms) = preSolution
		Ad-Hoc|Any CPU = Ad-Hoc|Any CPU
		Ad-Hoc|ARM = Ad-Hoc|ARM
		Ad-Hoc|iPhone = Ad-Hoc|iPhone
		Ad-Hoc|iPhoneSimulator = Ad-Hoc|iPhoneSimulator
		Ad-Hoc|x64 = Ad-Hoc|x64
		Ad-Hoc|x86 = Ad-Hoc|x86
		AppStore|Any CPU = AppStore|Any CPU
		AppStore|ARM = AppStore|ARM
		AppStore|iPhone = AppStore|iPhone
		AppStore|iPhoneSimulator = AppStore|iPhoneSimulator
		AppStore|x64 = AppStore|x64
		AppStore|x86 = AppStore|x86
		Debug|Any CPU = Debug|Any CPU
		Debug|ARM = Debug|ARM
		Debug|iPhone = Debug|iPhone
		Debug|iPhoneSimulator = Debug|iPhoneSimulator
		Debug|x64 = Debug|x64
		Debug|x86 = Debug|x86
		Release|Any CPU = Release|Any CPU
		Release|ARM = Release|ARM
		Release|iPhone = Release|iPhone
		Release|iPhoneSimulator = Release|iPhoneSimulator
		Release|x64 = Release|x64
		Release|x86 = Release|x86
	EndGlobalSection
	GlobalSection(ProjectConfigurationPlatforms) = postSolution
		{AAE0E40E-FA28-4C88-B9C9-9A8AD1450578}.Ad-Hoc|Any CPU.ActiveCfg = Release|x64
		{AAE0E40E-FA28-4C88-B9C9-9A8AD1450578}.Ad-Hoc|Any CPU.Build.0 = Release|x64
		{AAE0E40E-FA28-4C88-B9C9-9A8AD1450578}.Ad-Hoc|Any CPU.Deploy.0 = Release|x64
		{AAE0E40E-FA28-4C88-B9C9-9A8AD1450578}.Ad-Hoc|ARM.ActiveCfg = Release|ARM
		{AAE0E40E-FA28-4C88-B9C9-9A8AD1450578}.Ad-Hoc|ARM.Build.0 = Release|ARM
		{AAE0E40E-FA28-4C88-B9C9-9A8AD1450578}.Ad-Hoc|ARM.Deploy.0 = Release|ARM
		{AAE0E40E-FA28-4C88-B9C9-9A8AD1450578}.Ad-Hoc|iPhone.ActiveCfg = Release|x64
		{AAE0E40E-FA28-4C88-B9C9-9A8AD1450578}.Ad-Hoc|iPhoneSimulator.ActiveCfg = Release|x64
		{AAE0E40E-FA28-4C88-B9C9-9A8AD1450578}.Ad-Hoc|iPhoneSimulator.Build.0 = Release|x64
		{AAE0E40E-FA28-4C88-B9C9-9A8AD1450578}.Ad-Hoc|iPhoneSimulator.Deploy.0 = Release|x64
		{AAE0E40E-FA28-4C88-B9C9-9A8AD1450578}.Ad-Hoc|x64.ActiveCfg = Release|x64
		{AAE0E40E-FA28-4C88-B9C9-9A8AD1450578}.Ad-Hoc|x64.Build.0 = Release|x64
		{AAE0E40E-FA28-4C88-B9C9-9A8AD1450578}.Ad-Hoc|x64.Deploy.0 = Release|x64
		{AAE0E40E-FA28-4C88-B9C9-9A8AD1450578}.Ad-Hoc|x86.ActiveCfg = Release|x86
		{AAE0E40E-FA28-4C88-B9C9-9A8AD1450578}.Ad-Hoc|x86.Build.0 = Release|x86
		{AAE0E40E-FA28-4C88-B9C9-9A8AD1450578}.Ad-Hoc|x86.Deploy.0 = Release|x86
		{AAE0E40E-FA28-4C88-B9C9-9A8AD1450578}.AppStore|Any CPU.ActiveCfg = Release|x64
		{AAE0E40E-FA28-4C88-B9C9-9A8AD1450578}.AppStore|Any CPU.Build.0 = Release|x64
		{AAE0E40E-FA28-4C88-B9C9-9A8AD1450578}.AppStore|Any CPU.Deploy.0 = Release|x64
		{AAE0E40E-FA28-4C88-B9C9-9A8AD1450578}.AppStore|ARM.ActiveCfg = Release|ARM
		{AAE0E40E-FA28-4C88-B9C9-9A8AD1450578}.AppStore|ARM.Build.0 = Release|ARM
		{AAE0E40E-FA28-4C88-B9C9-9A8AD1450578}.AppStore|ARM.Deploy.0 = Release|ARM
		{AAE0E40E-FA28-4C88-B9C9-9A8AD1450578}.AppStore|iPhone.ActiveCfg = Release|x64
		{AAE0E40E-FA28-4C88-B9C9-9A8AD1450578}.AppStore|iPhoneSimulator.ActiveCfg = Release|x64
		{AAE0E40E-FA28-4C88-B9C9-9A8AD1450578}.AppStore|x64.ActiveCfg = Release|x64
		{AAE0E40E-FA28-4C88-B9C9-9A8AD1450578}.AppStore|x64.Build.0 = Release|x64
		{AAE0E40E-FA28-4C88-B9C9-9A8AD1450578}.AppStore|x64.Deploy.0 = Release|x64
		{AAE0E40E-FA28-4C88-B9C9-9A8AD1450578}.AppStore|x86.ActiveCfg = Release|x86
		{AAE0E40E-FA28-4C88-B9C9-9A8AD1450578}.AppStore|x86.Build.0 = Release|x86
		{AAE0E40E-FA28-4C88-B9C9-9A8AD1450578}.AppStore|x86.Deploy.0 = Release|x86
		{AAE0E40E-FA28-4C88-B9C9-9A8AD1450578}.Debug|Any CPU.ActiveCfg = Debug|x86
		{AAE0E40E-FA28-4C88-B9C9-9A8AD1450578}.Debug|ARM.ActiveCfg = Debug|ARM
		{AAE0E40E-FA28-4C88-B9C9-9A8AD1450578}.Debug|ARM.Build.0 = Debug|ARM
		{AAE0E40E-FA28-4C88-B9C9-9A8AD1450578}.Debug|ARM.Deploy.0 = Debug|ARM
		{AAE0E40E-FA28-4C88-B9C9-9A8AD1450578}.Debug|iPhone.ActiveCfg = Debug|x86
		{AAE0E40E-FA28-4C88-B9C9-9A8AD1450578}.Debug|iPhoneSimulator.ActiveCfg = Debug|x86
		{AAE0E40E-FA28-4C88-B9C9-9A8AD1450578}.Debug|x64.ActiveCfg = Debug|x64
		{AAE0E40E-FA28-4C88-B9C9-9A8AD1450578}.Debug|x64.Build.0 = Debug|x64
		{AAE0E40E-FA28-4C88-B9C9-9A8AD1450578}.Debug|x64.Deploy.0 = Debug|x64
		{AAE0E40E-FA28-4C88-B9C9-9A8AD1450578}.Debug|x86.ActiveCfg = Debug|x86
		{AAE0E40E-FA28-4C88-B9C9-9A8AD1450578}.Debug|x86.Build.0 = Debug|x86
		{AAE0E40E-FA28-4C88-B9C9-9A8AD1450578}.Debug|x86.Deploy.0 = Debug|x86
		{AAE0E40E-FA28-4C88-B9C9-9A8AD1450578}.Release|Any CPU.ActiveCfg = Release|x86
		{AAE0E40E-FA28-4C88-B9C9-9A8AD1450578}.Release|ARM.ActiveCfg = Release|ARM
		{AAE0E40E-FA28-4C88-B9C9-9A8AD1450578}.Release|ARM.Build.0 = Release|ARM
		{AAE0E40E-FA28-4C88-B9C9-9A8AD1450578}.Release|ARM.Deploy.0 = Release|ARM
		{AAE0E40E-FA28-4C88-B9C9-9A8AD1450578}.Release|iPhone.ActiveCfg = Release|x86
		{AAE0E40E-FA28-4C88-B9C9-9A8AD1450578}.Release|iPhoneSimulator.ActiveCfg = Release|x86
		{AAE0E40E-FA28-4C88-B9C9-9A8AD1450578}.Release|x64.ActiveCfg = Release|x64
		{AAE0E40E-FA28-4C88-B9C9-9A8AD1450578}.Release|x64.Build.0 = Release|x64
		{AAE0E40E-FA28-4C88-B9C9-9A8AD1450578}.Release|x64.Deploy.0 = Release|x64
		{AAE0E40E-FA28-4C88-B9C9-9A8AD1450578}.Release|x86.ActiveCfg = Release|x86
		{AAE0E40E-FA28-4C88-B9C9-9A8AD1450578}.Release|x86.Build.0 = Release|x86
		{AAE0E40E-FA28-4C88-B9C9-9A8AD1450578}.Release|x86.Deploy.0 = Release|x86
		{47803F8D-3066-4B8E-B20C-BFDBE895CFF3}.Ad-Hoc|Any CPU.ActiveCfg = Release|Any CPU
		{47803F8D-3066-4B8E-B20C-BFDBE895CFF3}.Ad-Hoc|ARM.ActiveCfg = Release|Any CPU
		{47803F8D-3066-4B8E-B20C-BFDBE895CFF3}.Ad-Hoc|iPhone.ActiveCfg = Release|Any CPU
		{47803F8D-3066-4B8E-B20C-BFDBE895CFF3}.Ad-Hoc|iPhoneSimulator.ActiveCfg = Release|Any CPU
		{47803F8D-3066-4B8E-B20C-BFDBE895CFF3}.Ad-Hoc|x64.ActiveCfg = Release|Any CPU
		{47803F8D-3066-4B8E-B20C-BFDBE895CFF3}.Ad-Hoc|x86.ActiveCfg = Release|Any CPU
		{47803F8D-3066-4B8E-B20C-BFDBE895CFF3}.AppStore|Any CPU.ActiveCfg = Release|Any CPU
		{47803F8D-3066-4B8E-B20C-BFDBE895CFF3}.AppStore|ARM.ActiveCfg = Release|Any CPU
		{47803F8D-3066-4B8E-B20C-BFDBE895CFF3}.AppStore|iPhone.ActiveCfg = Release|Any CPU
		{47803F8D-3066-4B8E-B20C-BFDBE895CFF3}.AppStore|iPhoneSimulator.ActiveCfg = Release|Any CPU
		{47803F8D-3066-4B8E-B20C-BFDBE895CFF3}.AppStore|x64.ActiveCfg = Release|Any CPU
		{47803F8D-3066-4B8E-B20C-BFDBE895CFF3}.AppStore|x86.ActiveCfg = Release|Any CPU
		{47803F8D-3066-4B8E-B20C-BFDBE895CFF3}.Debug|Any CPU.ActiveCfg = Debug|Any CPU
		{47803F8D-3066-4B8E-B20C-BFDBE895CFF3}.Debug|Any CPU.Build.0 = Debug|Any CPU
		{47803F8D-3066-4B8E-B20C-BFDBE895CFF3}.Debug|Any CPU.Deploy.0 = Debug|Any CPU
		{47803F8D-3066-4B8E-B20C-BFDBE895CFF3}.Debug|ARM.ActiveCfg = Debug|Any CPU
		{47803F8D-3066-4B8E-B20C-BFDBE895CFF3}.Debug|ARM.Build.0 = Debug|Any CPU
		{47803F8D-3066-4B8E-B20C-BFDBE895CFF3}.Debug|ARM.Deploy.0 = Debug|Any CPU
		{47803F8D-3066-4B8E-B20C-BFDBE895CFF3}.Debug|iPhone.ActiveCfg = Debug|Any CPU
		{47803F8D-3066-4B8E-B20C-BFDBE895CFF3}.Debug|iPhone.Build.0 = Debug|Any CPU
		{47803F8D-3066-4B8E-B20C-BFDBE895CFF3}.Debug|iPhoneSimulator.ActiveCfg = Debug|Any CPU
		{47803F8D-3066-4B8E-B20C-BFDBE895CFF3}.Debug|iPhoneSimulator.Build.0 = Debug|Any CPU
		{47803F8D-3066-4B8E-B20C-BFDBE895CFF3}.Debug|x64.ActiveCfg = Debug|Any CPU
		{47803F8D-3066-4B8E-B20C-BFDBE895CFF3}.Debug|x64.Build.0 = Debug|Any CPU
		{47803F8D-3066-4B8E-B20C-BFDBE895CFF3}.Debug|x64.Deploy.0 = Debug|Any CPU
		{47803F8D-3066-4B8E-B20C-BFDBE895CFF3}.Debug|x86.ActiveCfg = Debug|Any CPU
		{47803F8D-3066-4B8E-B20C-BFDBE895CFF3}.Debug|x86.Build.0 = Debug|Any CPU
		{47803F8D-3066-4B8E-B20C-BFDBE895CFF3}.Debug|x86.Deploy.0 = Debug|Any CPU
		{47803F8D-3066-4B8E-B20C-BFDBE895CFF3}.Release|Any CPU.ActiveCfg = Release|Any CPU
		{47803F8D-3066-4B8E-B20C-BFDBE895CFF3}.Release|Any CPU.Build.0 = Release|Any CPU
		{47803F8D-3066-4B8E-B20C-BFDBE895CFF3}.Release|Any CPU.Deploy.0 = Release|Any CPU
		{47803F8D-3066-4B8E-B20C-BFDBE895CFF3}.Release|ARM.ActiveCfg = Release|Any CPU
		{47803F8D-3066-4B8E-B20C-BFDBE895CFF3}.Release|ARM.Build.0 = Release|Any CPU
		{47803F8D-3066-4B8E-B20C-BFDBE895CFF3}.Release|ARM.Deploy.0 = Release|Any CPU
		{47803F8D-3066-4B8E-B20C-BFDBE895CFF3}.Release|iPhone.ActiveCfg = Release|Any CPU
		{47803F8D-3066-4B8E-B20C-BFDBE895CFF3}.Release|iPhone.Build.0 = Release|Any CPU
		{47803F8D-3066-4B8E-B20C-BFDBE895CFF3}.Release|iPhoneSimulator.ActiveCfg = Release|Any CPU
		{47803F8D-3066-4B8E-B20C-BFDBE895CFF3}.Release|iPhoneSimulator.Build.0 = Release|Any CPU
		{47803F8D-3066-4B8E-B20C-BFDBE895CFF3}.Release|x64.ActiveCfg = Release|Any CPU
		{47803F8D-3066-4B8E-B20C-BFDBE895CFF3}.Release|x64.Build.0 = Release|Any CPU
		{47803F8D-3066-4B8E-B20C-BFDBE895CFF3}.Release|x64.Deploy.0 = Release|Any CPU
		{47803F8D-3066-4B8E-B20C-BFDBE895CFF3}.Release|x86.ActiveCfg = Release|Any CPU
		{47803F8D-3066-4B8E-B20C-BFDBE895CFF3}.Release|x86.Build.0 = Release|Any CPU
		{47803F8D-3066-4B8E-B20C-BFDBE895CFF3}.Release|x86.Deploy.0 = Release|Any CPU
		{D6F0DBB8-AD04-46E5-9E85-F132B7BED799}.Ad-Hoc|Any CPU.ActiveCfg = Release|iPhoneSimulator
		{D6F0DBB8-AD04-46E5-9E85-F132B7BED799}.Ad-Hoc|ARM.ActiveCfg = Release|iPhoneSimulator
		{D6F0DBB8-AD04-46E5-9E85-F132B7BED799}.Ad-Hoc|iPhone.ActiveCfg = AppStore|iPhone
		{D6F0DBB8-AD04-46E5-9E85-F132B7BED799}.Ad-Hoc|iPhone.Build.0 = AppStore|iPhone
		{D6F0DBB8-AD04-46E5-9E85-F132B7BED799}.Ad-Hoc|iPhoneSimulator.ActiveCfg = Release|iPhoneSimulator
		{D6F0DBB8-AD04-46E5-9E85-F132B7BED799}.Ad-Hoc|x64.ActiveCfg = Release|iPhoneSimulator
		{D6F0DBB8-AD04-46E5-9E85-F132B7BED799}.Ad-Hoc|x86.ActiveCfg = Release|iPhoneSimulator
		{D6F0DBB8-AD04-46E5-9E85-F132B7BED799}.AppStore|Any CPU.ActiveCfg = Release|iPhoneSimulator
		{D6F0DBB8-AD04-46E5-9E85-F132B7BED799}.AppStore|ARM.ActiveCfg = Release|iPhoneSimulator
		{D6F0DBB8-AD04-46E5-9E85-F132B7BED799}.AppStore|iPhone.ActiveCfg = AppStore|iPhone
		{D6F0DBB8-AD04-46E5-9E85-F132B7BED799}.AppStore|iPhone.Build.0 = AppStore|iPhone
		{D6F0DBB8-AD04-46E5-9E85-F132B7BED799}.AppStore|iPhoneSimulator.ActiveCfg = Release|iPhoneSimulator
		{D6F0DBB8-AD04-46E5-9E85-F132B7BED799}.AppStore|iPhoneSimulator.Build.0 = Release|iPhoneSimulator
		{D6F0DBB8-AD04-46E5-9E85-F132B7BED799}.AppStore|x64.ActiveCfg = Release|iPhoneSimulator
		{D6F0DBB8-AD04-46E5-9E85-F132B7BED799}.AppStore|x86.ActiveCfg = Release|iPhoneSimulator
		{D6F0DBB8-AD04-46E5-9E85-F132B7BED799}.Debug|Any CPU.ActiveCfg = Debug|iPhoneSimulator
		{D6F0DBB8-AD04-46E5-9E85-F132B7BED799}.Debug|Any CPU.Build.0 = Debug|iPhoneSimulator
		{D6F0DBB8-AD04-46E5-9E85-F132B7BED799}.Debug|ARM.ActiveCfg = Debug|iPhoneSimulator
		{D6F0DBB8-AD04-46E5-9E85-F132B7BED799}.Debug|ARM.Build.0 = Debug|iPhoneSimulator
		{D6F0DBB8-AD04-46E5-9E85-F132B7BED799}.Debug|iPhone.ActiveCfg = Debug|iPhone
		{D6F0DBB8-AD04-46E5-9E85-F132B7BED799}.Debug|iPhone.Build.0 = Debug|iPhone
		{D6F0DBB8-AD04-46E5-9E85-F132B7BED799}.Debug|iPhoneSimulator.ActiveCfg = Debug|iPhoneSimulator
		{D6F0DBB8-AD04-46E5-9E85-F132B7BED799}.Debug|iPhoneSimulator.Build.0 = Debug|iPhoneSimulator
		{D6F0DBB8-AD04-46E5-9E85-F132B7BED799}.Debug|x64.ActiveCfg = Debug|iPhoneSimulator
		{D6F0DBB8-AD04-46E5-9E85-F132B7BED799}.Debug|x64.Build.0 = Debug|iPhoneSimulator
		{D6F0DBB8-AD04-46E5-9E85-F132B7BED799}.Debug|x86.ActiveCfg = Debug|iPhoneSimulator
		{D6F0DBB8-AD04-46E5-9E85-F132B7BED799}.Debug|x86.Build.0 = Debug|iPhoneSimulator
		{D6F0DBB8-AD04-46E5-9E85-F132B7BED799}.Release|Any CPU.ActiveCfg = Release|iPhone
		{D6F0DBB8-AD04-46E5-9E85-F132B7BED799}.Release|Any CPU.Build.0 = Release|iPhone
		{D6F0DBB8-AD04-46E5-9E85-F132B7BED799}.Release|ARM.ActiveCfg = Release|iPhone
		{D6F0DBB8-AD04-46E5-9E85-F132B7BED799}.Release|ARM.Build.0 = Release|iPhone
		{D6F0DBB8-AD04-46E5-9E85-F132B7BED799}.Release|iPhone.ActiveCfg = Release|iPhone
		{D6F0DBB8-AD04-46E5-9E85-F132B7BED799}.Release|iPhone.Build.0 = Release|iPhone
		{D6F0DBB8-AD04-46E5-9E85-F132B7BED799}.Release|iPhoneSimulator.ActiveCfg = Release|iPhoneSimulator
		{D6F0DBB8-AD04-46E5-9E85-F132B7BED799}.Release|iPhoneSimulator.Build.0 = Release|iPhoneSimulator
		{D6F0DBB8-AD04-46E5-9E85-F132B7BED799}.Release|x64.ActiveCfg = Release|iPhone
		{D6F0DBB8-AD04-46E5-9E85-F132B7BED799}.Release|x64.Build.0 = Release|iPhone
		{D6F0DBB8-AD04-46E5-9E85-F132B7BED799}.Release|x86.ActiveCfg = Release|iPhone
		{D6F0DBB8-AD04-46E5-9E85-F132B7BED799}.Release|x86.Build.0 = Release|iPhone
		{94574309-1C56-4F55-9535-7ED8F83552C1}.Ad-Hoc|Any CPU.ActiveCfg = Release|Any CPU
		{94574309-1C56-4F55-9535-7ED8F83552C1}.Ad-Hoc|ARM.ActiveCfg = Release|Any CPU
		{94574309-1C56-4F55-9535-7ED8F83552C1}.Ad-Hoc|iPhone.ActiveCfg = Release|Any CPU
		{94574309-1C56-4F55-9535-7ED8F83552C1}.Ad-Hoc|iPhone.Build.0 = Release|Any CPU
		{94574309-1C56-4F55-9535-7ED8F83552C1}.Ad-Hoc|iPhoneSimulator.ActiveCfg = Release|Any CPU
		{94574309-1C56-4F55-9535-7ED8F83552C1}.Ad-Hoc|x64.ActiveCfg = Release|Any CPU
		{94574309-1C56-4F55-9535-7ED8F83552C1}.Ad-Hoc|x86.ActiveCfg = Release|Any CPU
		{94574309-1C56-4F55-9535-7ED8F83552C1}.AppStore|Any CPU.ActiveCfg = Release|Any CPU
		{94574309-1C56-4F55-9535-7ED8F83552C1}.AppStore|ARM.ActiveCfg = Release|Any CPU
		{94574309-1C56-4F55-9535-7ED8F83552C1}.AppStore|iPhone.ActiveCfg = Release|Any CPU
		{94574309-1C56-4F55-9535-7ED8F83552C1}.AppStore|iPhone.Build.0 = Release|Any CPU
		{94574309-1C56-4F55-9535-7ED8F83552C1}.AppStore|iPhoneSimulator.ActiveCfg = Release|Any CPU
		{94574309-1C56-4F55-9535-7ED8F83552C1}.AppStore|iPhoneSimulator.Build.0 = Release|Any CPU
		{94574309-1C56-4F55-9535-7ED8F83552C1}.AppStore|x64.ActiveCfg = Release|Any CPU
		{94574309-1C56-4F55-9535-7ED8F83552C1}.AppStore|x86.ActiveCfg = Release|Any CPU
		{94574309-1C56-4F55-9535-7ED8F83552C1}.Debug|Any CPU.ActiveCfg = Debug|Any CPU
		{94574309-1C56-4F55-9535-7ED8F83552C1}.Debug|Any CPU.Build.0 = Debug|Any CPU
		{94574309-1C56-4F55-9535-7ED8F83552C1}.Debug|ARM.ActiveCfg = Debug|Any CPU
		{94574309-1C56-4F55-9535-7ED8F83552C1}.Debug|ARM.Build.0 = Debug|Any CPU
		{94574309-1C56-4F55-9535-7ED8F83552C1}.Debug|iPhone.ActiveCfg = Debug|Any CPU
		{94574309-1C56-4F55-9535-7ED8F83552C1}.Debug|iPhone.Build.0 = Debug|Any CPU
		{94574309-1C56-4F55-9535-7ED8F83552C1}.Debug|iPhoneSimulator.ActiveCfg = Debug|Any CPU
		{94574309-1C56-4F55-9535-7ED8F83552C1}.Debug|iPhoneSimulator.Build.0 = Debug|Any CPU
		{94574309-1C56-4F55-9535-7ED8F83552C1}.Debug|x64.ActiveCfg = Debug|Any CPU
		{94574309-1C56-4F55-9535-7ED8F83552C1}.Debug|x64.Build.0 = Debug|Any CPU
		{94574309-1C56-4F55-9535-7ED8F83552C1}.Debug|x86.ActiveCfg = Debug|Any CPU
		{94574309-1C56-4F55-9535-7ED8F83552C1}.Debug|x86.Build.0 = Debug|Any CPU
		{94574309-1C56-4F55-9535-7ED8F83552C1}.Release|Any CPU.ActiveCfg = Release|Any CPU
		{94574309-1C56-4F55-9535-7ED8F83552C1}.Release|Any CPU.Build.0 = Release|Any CPU
		{94574309-1C56-4F55-9535-7ED8F83552C1}.Release|ARM.ActiveCfg = Release|Any CPU
		{94574309-1C56-4F55-9535-7ED8F83552C1}.Release|ARM.Build.0 = Release|Any CPU
		{94574309-1C56-4F55-9535-7ED8F83552C1}.Release|iPhone.ActiveCfg = Release|Any CPU
		{94574309-1C56-4F55-9535-7ED8F83552C1}.Release|iPhone.Build.0 = Release|Any CPU
		{94574309-1C56-4F55-9535-7ED8F83552C1}.Release|iPhoneSimulator.ActiveCfg = Release|Any CPU
		{94574309-1C56-4F55-9535-7ED8F83552C1}.Release|iPhoneSimulator.Build.0 = Release|Any CPU
		{94574309-1C56-4F55-9535-7ED8F83552C1}.Release|x64.ActiveCfg = Release|Any CPU
		{94574309-1C56-4F55-9535-7ED8F83552C1}.Release|x64.Build.0 = Release|Any CPU
		{94574309-1C56-4F55-9535-7ED8F83552C1}.Release|x86.ActiveCfg = Release|Any CPU
		{94574309-1C56-4F55-9535-7ED8F83552C1}.Release|x86.Build.0 = Release|Any CPU
		{500FD253-1D68-42F1-8AEE-77C9ABF22C1F}.Ad-Hoc|Any CPU.ActiveCfg = Debug|Any CPU
		{500FD253-1D68-42F1-8AEE-77C9ABF22C1F}.Ad-Hoc|Any CPU.Build.0 = Debug|Any CPU
		{500FD253-1D68-42F1-8AEE-77C9ABF22C1F}.Ad-Hoc|ARM.ActiveCfg = Debug|Any CPU
		{500FD253-1D68-42F1-8AEE-77C9ABF22C1F}.Ad-Hoc|ARM.Build.0 = Debug|Any CPU
		{500FD253-1D68-42F1-8AEE-77C9ABF22C1F}.Ad-Hoc|iPhone.ActiveCfg = Debug|Any CPU
		{500FD253-1D68-42F1-8AEE-77C9ABF22C1F}.Ad-Hoc|iPhone.Build.0 = Debug|Any CPU
		{500FD253-1D68-42F1-8AEE-77C9ABF22C1F}.Ad-Hoc|iPhoneSimulator.ActiveCfg = Debug|Any CPU
		{500FD253-1D68-42F1-8AEE-77C9ABF22C1F}.Ad-Hoc|iPhoneSimulator.Build.0 = Debug|Any CPU
		{500FD253-1D68-42F1-8AEE-77C9ABF22C1F}.Ad-Hoc|x64.ActiveCfg = Debug|Any CPU
		{500FD253-1D68-42F1-8AEE-77C9ABF22C1F}.Ad-Hoc|x64.Build.0 = Debug|Any CPU
		{500FD253-1D68-42F1-8AEE-77C9ABF22C1F}.Ad-Hoc|x86.ActiveCfg = Debug|Any CPU
		{500FD253-1D68-42F1-8AEE-77C9ABF22C1F}.Ad-Hoc|x86.Build.0 = Debug|Any CPU
		{500FD253-1D68-42F1-8AEE-77C9ABF22C1F}.AppStore|Any CPU.ActiveCfg = Debug|Any CPU
		{500FD253-1D68-42F1-8AEE-77C9ABF22C1F}.AppStore|Any CPU.Build.0 = Debug|Any CPU
		{500FD253-1D68-42F1-8AEE-77C9ABF22C1F}.AppStore|ARM.ActiveCfg = Debug|Any CPU
		{500FD253-1D68-42F1-8AEE-77C9ABF22C1F}.AppStore|ARM.Build.0 = Debug|Any CPU
		{500FD253-1D68-42F1-8AEE-77C9ABF22C1F}.AppStore|iPhone.ActiveCfg = Debug|Any CPU
		{500FD253-1D68-42F1-8AEE-77C9ABF22C1F}.AppStore|iPhone.Build.0 = Debug|Any CPU
		{500FD253-1D68-42F1-8AEE-77C9ABF22C1F}.AppStore|iPhoneSimulator.ActiveCfg = Debug|Any CPU
		{500FD253-1D68-42F1-8AEE-77C9ABF22C1F}.AppStore|iPhoneSimulator.Build.0 = Debug|Any CPU
		{500FD253-1D68-42F1-8AEE-77C9ABF22C1F}.AppStore|x64.ActiveCfg = Debug|Any CPU
		{500FD253-1D68-42F1-8AEE-77C9ABF22C1F}.AppStore|x64.Build.0 = Debug|Any CPU
		{500FD253-1D68-42F1-8AEE-77C9ABF22C1F}.AppStore|x86.ActiveCfg = Debug|Any CPU
		{500FD253-1D68-42F1-8AEE-77C9ABF22C1F}.AppStore|x86.Build.0 = Debug|Any CPU
		{500FD253-1D68-42F1-8AEE-77C9ABF22C1F}.Debug|Any CPU.ActiveCfg = Debug|Any CPU
		{500FD253-1D68-42F1-8AEE-77C9ABF22C1F}.Debug|Any CPU.Build.0 = Debug|Any CPU
		{500FD253-1D68-42F1-8AEE-77C9ABF22C1F}.Debug|ARM.ActiveCfg = Debug|Any CPU
		{500FD253-1D68-42F1-8AEE-77C9ABF22C1F}.Debug|ARM.Build.0 = Debug|Any CPU
		{500FD253-1D68-42F1-8AEE-77C9ABF22C1F}.Debug|iPhone.ActiveCfg = Debug|Any CPU
		{500FD253-1D68-42F1-8AEE-77C9ABF22C1F}.Debug|iPhone.Build.0 = Debug|Any CPU
		{500FD253-1D68-42F1-8AEE-77C9ABF22C1F}.Debug|iPhoneSimulator.ActiveCfg = Debug|Any CPU
		{500FD253-1D68-42F1-8AEE-77C9ABF22C1F}.Debug|iPhoneSimulator.Build.0 = Debug|Any CPU
		{500FD253-1D68-42F1-8AEE-77C9ABF22C1F}.Debug|x64.ActiveCfg = Debug|Any CPU
		{500FD253-1D68-42F1-8AEE-77C9ABF22C1F}.Debug|x64.Build.0 = Debug|Any CPU
		{500FD253-1D68-42F1-8AEE-77C9ABF22C1F}.Debug|x86.ActiveCfg = Debug|Any CPU
		{500FD253-1D68-42F1-8AEE-77C9ABF22C1F}.Debug|x86.Build.0 = Debug|Any CPU
		{500FD253-1D68-42F1-8AEE-77C9ABF22C1F}.Release|Any CPU.ActiveCfg = Release|Any CPU
		{500FD253-1D68-42F1-8AEE-77C9ABF22C1F}.Release|Any CPU.Build.0 = Release|Any CPU
		{500FD253-1D68-42F1-8AEE-77C9ABF22C1F}.Release|ARM.ActiveCfg = Release|Any CPU
		{500FD253-1D68-42F1-8AEE-77C9ABF22C1F}.Release|ARM.Build.0 = Release|Any CPU
		{500FD253-1D68-42F1-8AEE-77C9ABF22C1F}.Release|iPhone.ActiveCfg = Release|Any CPU
		{500FD253-1D68-42F1-8AEE-77C9ABF22C1F}.Release|iPhone.Build.0 = Release|Any CPU
		{500FD253-1D68-42F1-8AEE-77C9ABF22C1F}.Release|iPhoneSimulator.ActiveCfg = Release|Any CPU
		{500FD253-1D68-42F1-8AEE-77C9ABF22C1F}.Release|iPhoneSimulator.Build.0 = Release|Any CPU
		{500FD253-1D68-42F1-8AEE-77C9ABF22C1F}.Release|x64.ActiveCfg = Release|Any CPU
		{500FD253-1D68-42F1-8AEE-77C9ABF22C1F}.Release|x64.Build.0 = Release|Any CPU
		{500FD253-1D68-42F1-8AEE-77C9ABF22C1F}.Release|x86.ActiveCfg = Release|Any CPU
		{500FD253-1D68-42F1-8AEE-77C9ABF22C1F}.Release|x86.Build.0 = Release|Any CPU
	EndGlobalSection
	GlobalSection(SolutionProperties) = preSolution
		HideSolutionNode = FALSE
	EndGlobalSection
EndGlobal
