
Microsoft Visual Studio Solution File, Format Version 12.00
# Visual Studio 15
VisualStudioVersion = 15.0.26228.9
MinimumVisualStudioVersion = 10.0.40219.1
Project("{FAE04EC0-301F-11D3-BF4B-00C04F79EFBC}") = "OneEchan.Forms", "OneEchan.Forms\OneEchan.Forms.csproj", "{67F9D3A8-F71E-4428-913F-C37AE82CDB24}"
EndProject
Project("{FAE04EC0-301F-11D3-BF4B-00C04F79EFBC}") = "OneEchan.Droid", "OneEchan.Droid\OneEchan.Droid.csproj", "{90C5F63F-033D-4FB5-9EAF-E1C4ACFDC962}"
EndProject
Project("{FAE04EC0-301F-11D3-BF4B-00C04F79EFBC}") = "OneEchan.iOS", "OneEchan.iOS\OneEchan.iOS.csproj", "{78B0677D-94AF-4365-982D-5D313EA33358}"
EndProject
Project("{FAE04EC0-301F-11D3-BF4B-00C04F79EFBC}") = "OneEchan.UWP", "OneEchan.UWP\OneEchan.UWP.csproj", "{8F127120-2F03-4AAD-B2FF-44E51CEBB739}"
EndProject
Project("{FAE04EC0-301F-11D3-BF4B-00C04F79EFBC}") = "OneEchan.Core", "OneEchan.Core\OneEchan.Core.csproj", "{842CEDD0-3AB9-4DBF-A1FF-A85CF6AF1F25}"
EndProject
Project("{FAE04EC0-301F-11D3-BF4B-00C04F79EFBC}") = "OneEchan.Server", "OneEchan.Server\OneEchan.Server.csproj", "{6F2DF8AD-C96B-4372-89D2-4269B1511BCF}"
EndProject
Project("{FAE04EC0-301F-11D3-BF4B-00C04F79EFBC}") = "OneEchan.Backend", "OneEchan.Backend\OneEchan.Backend.csproj", "{0D126607-9B40-4DBA-ADF9-F90DE50FA8F9}"
EndProject
Global
	GlobalSection(SolutionConfigurationPlatforms) = preSolution
		Ad-Hoc|Any CPU = Ad-Hoc|Any CPU
		Ad-Hoc|ARM = Ad-Hoc|ARM
		Ad-Hoc|iPhone = Ad-Hoc|iPhone
		Ad-Hoc|iPhoneSimulator = Ad-Hoc|iPhoneSimulator
		Ad-Hoc|x64 = Ad-Hoc|x64
		Ad-Hoc|x86 = Ad-Hoc|x86
		AppStore|Any CPU = AppStore|Any CPU
		AppStore|ARM = AppStore|ARM
		AppStore|iPhone = AppStore|iPhone
		AppStore|iPhoneSimulator = AppStore|iPhoneSimulator
		AppStore|x64 = AppStore|x64
		AppStore|x86 = AppStore|x86
		Debug|Any CPU = Debug|Any CPU
		Debug|ARM = Debug|ARM
		Debug|iPhone = Debug|iPhone
		Debug|iPhoneSimulator = Debug|iPhoneSimulator
		Debug|x64 = Debug|x64
		Debug|x86 = Debug|x86
		Release|Any CPU = Release|Any CPU
		Release|ARM = Release|ARM
		Release|iPhone = Release|iPhone
		Release|iPhoneSimulator = Release|iPhoneSimulator
		Release|x64 = Release|x64
		Release|x86 = Release|x86
	EndGlobalSection
	GlobalSection(ProjectConfigurationPlatforms) = postSolution
		{67F9D3A8-F71E-4428-913F-C37AE82CDB24}.Ad-Hoc|Any CPU.ActiveCfg = Release|Any CPU
		{67F9D3A8-F71E-4428-913F-C37AE82CDB24}.Ad-Hoc|Any CPU.Build.0 = Release|Any CPU
		{67F9D3A8-F71E-4428-913F-C37AE82CDB24}.Ad-Hoc|ARM.ActiveCfg = Release|Any CPU
		{67F9D3A8-F71E-4428-913F-C37AE82CDB24}.Ad-Hoc|ARM.Build.0 = Release|Any CPU
		{67F9D3A8-F71E-4428-913F-C37AE82CDB24}.Ad-Hoc|iPhone.ActiveCfg = Release|Any CPU
		{67F9D3A8-F71E-4428-913F-C37AE82CDB24}.Ad-Hoc|iPhone.Build.0 = Release|Any CPU
		{67F9D3A8-F71E-4428-913F-C37AE82CDB24}.Ad-Hoc|iPhoneSimulator.ActiveCfg = Release|Any CPU
		{67F9D3A8-F71E-4428-913F-C37AE82CDB24}.Ad-Hoc|iPhoneSimulator.Build.0 = Release|Any CPU
		{67F9D3A8-F71E-4428-913F-C37AE82CDB24}.Ad-Hoc|x64.ActiveCfg = Release|Any CPU
		{67F9D3A8-F71E-4428-913F-C37AE82CDB24}.Ad-Hoc|x64.Build.0 = Release|Any CPU
		{67F9D3A8-F71E-4428-913F-C37AE82CDB24}.Ad-Hoc|x86.ActiveCfg = Release|Any CPU
		{67F9D3A8-F71E-4428-913F-C37AE82CDB24}.Ad-Hoc|x86.Build.0 = Release|Any CPU
		{67F9D3A8-F71E-4428-913F-C37AE82CDB24}.AppStore|Any CPU.ActiveCfg = Release|Any CPU
		{67F9D3A8-F71E-4428-913F-C37AE82CDB24}.AppStore|Any CPU.Build.0 = Release|Any CPU
		{67F9D3A8-F71E-4428-913F-C37AE82CDB24}.AppStore|ARM.ActiveCfg = Release|Any CPU
		{67F9D3A8-F71E-4428-913F-C37AE82CDB24}.AppStore|ARM.Build.0 = Release|Any CPU
		{67F9D3A8-F71E-4428-913F-C37AE82CDB24}.AppStore|iPhone.ActiveCfg = Release|Any CPU
		{67F9D3A8-F71E-4428-913F-C37AE82CDB24}.AppStore|iPhone.Build.0 = Release|Any CPU
		{67F9D3A8-F71E-4428-913F-C37AE82CDB24}.AppStore|iPhoneSimulator.ActiveCfg = Release|Any CPU
		{67F9D3A8-F71E-4428-913F-C37AE82CDB24}.AppStore|iPhoneSimulator.Build.0 = Release|Any CPU
		{67F9D3A8-F71E-4428-913F-C37AE82CDB24}.AppStore|x64.ActiveCfg = Release|Any CPU
		{67F9D3A8-F71E-4428-913F-C37AE82CDB24}.AppStore|x64.Build.0 = Release|Any CPU
		{67F9D3A8-F71E-4428-913F-C37AE82CDB24}.AppStore|x86.ActiveCfg = Release|Any CPU
		{67F9D3A8-F71E-4428-913F-C37AE82CDB24}.AppStore|x86.Build.0 = Release|Any CPU
		{67F9D3A8-F71E-4428-913F-C37AE82CDB24}.Debug|Any CPU.ActiveCfg = Debug|Any CPU
		{67F9D3A8-F71E-4428-913F-C37AE82CDB24}.Debug|Any CPU.Build.0 = Debug|Any CPU
		{67F9D3A8-F71E-4428-913F-C37AE82CDB24}.Debug|ARM.ActiveCfg = Debug|Any CPU
		{67F9D3A8-F71E-4428-913F-C37AE82CDB24}.Debug|ARM.Build.0 = Debug|Any CPU
		{67F9D3A8-F71E-4428-913F-C37AE82CDB24}.Debug|iPhone.ActiveCfg = Debug|Any CPU
		{67F9D3A8-F71E-4428-913F-C37AE82CDB24}.Debug|iPhone.Build.0 = Debug|Any CPU
		{67F9D3A8-F71E-4428-913F-C37AE82CDB24}.Debug|iPhoneSimulator.ActiveCfg = Debug|Any CPU
		{67F9D3A8-F71E-4428-913F-C37AE82CDB24}.Debug|iPhoneSimulator.Build.0 = Debug|Any CPU
		{67F9D3A8-F71E-4428-913F-C37AE82CDB24}.Debug|x64.ActiveCfg = Debug|Any CPU
		{67F9D3A8-F71E-4428-913F-C37AE82CDB24}.Debug|x64.Build.0 = Debug|Any CPU
		{67F9D3A8-F71E-4428-913F-C37AE82CDB24}.Debug|x86.ActiveCfg = Debug|Any CPU
		{67F9D3A8-F71E-4428-913F-C37AE82CDB24}.Debug|x86.Build.0 = Debug|Any CPU
		{67F9D3A8-F71E-4428-913F-C37AE82CDB24}.Release|Any CPU.ActiveCfg = Release|Any CPU
		{67F9D3A8-F71E-4428-913F-C37AE82CDB24}.Release|Any CPU.Build.0 = Release|Any CPU
		{67F9D3A8-F71E-4428-913F-C37AE82CDB24}.Release|ARM.ActiveCfg = Release|Any CPU
		{67F9D3A8-F71E-4428-913F-C37AE82CDB24}.Release|ARM.Build.0 = Release|Any CPU
		{67F9D3A8-F71E-4428-913F-C37AE82CDB24}.Release|iPhone.ActiveCfg = Release|Any CPU
		{67F9D3A8-F71E-4428-913F-C37AE82CDB24}.Release|iPhone.Build.0 = Release|Any CPU
		{67F9D3A8-F71E-4428-913F-C37AE82CDB24}.Release|iPhoneSimulator.ActiveCfg = Release|Any CPU
		{67F9D3A8-F71E-4428-913F-C37AE82CDB24}.Release|iPhoneSimulator.Build.0 = Release|Any CPU
		{67F9D3A8-F71E-4428-913F-C37AE82CDB24}.Release|x64.ActiveCfg = Release|Any CPU
		{67F9D3A8-F71E-4428-913F-C37AE82CDB24}.Release|x64.Build.0 = Release|Any CPU
		{67F9D3A8-F71E-4428-913F-C37AE82CDB24}.Release|x86.ActiveCfg = Release|Any CPU
		{67F9D3A8-F71E-4428-913F-C37AE82CDB24}.Release|x86.Build.0 = Release|Any CPU
		{90C5F63F-033D-4FB5-9EAF-E1C4ACFDC962}.Ad-Hoc|Any CPU.ActiveCfg = Release|Any CPU
		{90C5F63F-033D-4FB5-9EAF-E1C4ACFDC962}.Ad-Hoc|Any CPU.Build.0 = Release|Any CPU
		{90C5F63F-033D-4FB5-9EAF-E1C4ACFDC962}.Ad-Hoc|Any CPU.Deploy.0 = Release|Any CPU
		{90C5F63F-033D-4FB5-9EAF-E1C4ACFDC962}.Ad-Hoc|ARM.ActiveCfg = Release|Any CPU
		{90C5F63F-033D-4FB5-9EAF-E1C4ACFDC962}.Ad-Hoc|ARM.Build.0 = Release|Any CPU
		{90C5F63F-033D-4FB5-9EAF-E1C4ACFDC962}.Ad-Hoc|ARM.Deploy.0 = Release|Any CPU
		{90C5F63F-033D-4FB5-9EAF-E1C4ACFDC962}.Ad-Hoc|iPhone.ActiveCfg = Release|Any CPU
		{90C5F63F-033D-4FB5-9EAF-E1C4ACFDC962}.Ad-Hoc|iPhone.Build.0 = Release|Any CPU
		{90C5F63F-033D-4FB5-9EAF-E1C4ACFDC962}.Ad-Hoc|iPhone.Deploy.0 = Release|Any CPU
		{90C5F63F-033D-4FB5-9EAF-E1C4ACFDC962}.Ad-Hoc|iPhoneSimulator.ActiveCfg = Release|Any CPU
		{90C5F63F-033D-4FB5-9EAF-E1C4ACFDC962}.Ad-Hoc|iPhoneSimulator.Build.0 = Release|Any CPU
		{90C5F63F-033D-4FB5-9EAF-E1C4ACFDC962}.Ad-Hoc|iPhoneSimulator.Deploy.0 = Release|Any CPU
		{90C5F63F-033D-4FB5-9EAF-E1C4ACFDC962}.Ad-Hoc|x64.ActiveCfg = Release|Any CPU
		{90C5F63F-033D-4FB5-9EAF-E1C4ACFDC962}.Ad-Hoc|x64.Build.0 = Release|Any CPU
		{90C5F63F-033D-4FB5-9EAF-E1C4ACFDC962}.Ad-Hoc|x64.Deploy.0 = Release|Any CPU
		{90C5F63F-033D-4FB5-9EAF-E1C4ACFDC962}.Ad-Hoc|x86.ActiveCfg = Release|Any CPU
		{90C5F63F-033D-4FB5-9EAF-E1C4ACFDC962}.Ad-Hoc|x86.Build.0 = Release|Any CPU
		{90C5F63F-033D-4FB5-9EAF-E1C4ACFDC962}.Ad-Hoc|x86.Deploy.0 = Release|Any CPU
		{90C5F63F-033D-4FB5-9EAF-E1C4ACFDC962}.AppStore|Any CPU.ActiveCfg = Release|Any CPU
		{90C5F63F-033D-4FB5-9EAF-E1C4ACFDC962}.AppStore|Any CPU.Build.0 = Release|Any CPU
		{90C5F63F-033D-4FB5-9EAF-E1C4ACFDC962}.AppStore|Any CPU.Deploy.0 = Release|Any CPU
		{90C5F63F-033D-4FB5-9EAF-E1C4ACFDC962}.AppStore|ARM.ActiveCfg = Release|Any CPU
		{90C5F63F-033D-4FB5-9EAF-E1C4ACFDC962}.AppStore|ARM.Build.0 = Release|Any CPU
		{90C5F63F-033D-4FB5-9EAF-E1C4ACFDC962}.AppStore|ARM.Deploy.0 = Release|Any CPU
		{90C5F63F-033D-4FB5-9EAF-E1C4ACFDC962}.AppStore|iPhone.ActiveCfg = Release|Any CPU
		{90C5F63F-033D-4FB5-9EAF-E1C4ACFDC962}.AppStore|iPhone.Build.0 = Release|Any CPU
		{90C5F63F-033D-4FB5-9EAF-E1C4ACFDC962}.AppStore|iPhone.Deploy.0 = Release|Any CPU
		{90C5F63F-033D-4FB5-9EAF-E1C4ACFDC962}.AppStore|iPhoneSimulator.ActiveCfg = Release|Any CPU
		{90C5F63F-033D-4FB5-9EAF-E1C4ACFDC962}.AppStore|iPhoneSimulator.Build.0 = Release|Any CPU
		{90C5F63F-033D-4FB5-9EAF-E1C4ACFDC962}.AppStore|iPhoneSimulator.Deploy.0 = Release|Any CPU
		{90C5F63F-033D-4FB5-9EAF-E1C4ACFDC962}.AppStore|x64.ActiveCfg = Release|Any CPU
		{90C5F63F-033D-4FB5-9EAF-E1C4ACFDC962}.AppStore|x64.Build.0 = Release|Any CPU
		{90C5F63F-033D-4FB5-9EAF-E1C4ACFDC962}.AppStore|x64.Deploy.0 = Release|Any CPU
		{90C5F63F-033D-4FB5-9EAF-E1C4ACFDC962}.AppStore|x86.ActiveCfg = Release|Any CPU
		{90C5F63F-033D-4FB5-9EAF-E1C4ACFDC962}.AppStore|x86.Build.0 = Release|Any CPU
		{90C5F63F-033D-4FB5-9EAF-E1C4ACFDC962}.AppStore|x86.Deploy.0 = Release|Any CPU
		{90C5F63F-033D-4FB5-9EAF-E1C4ACFDC962}.Debug|Any CPU.ActiveCfg = Debug|Any CPU
		{90C5F63F-033D-4FB5-9EAF-E1C4ACFDC962}.Debug|Any CPU.Build.0 = Debug|Any CPU
		{90C5F63F-033D-4FB5-9EAF-E1C4ACFDC962}.Debug|Any CPU.Deploy.0 = Debug|Any CPU
		{90C5F63F-033D-4FB5-9EAF-E1C4ACFDC962}.Debug|ARM.ActiveCfg = Debug|Any CPU
		{90C5F63F-033D-4FB5-9EAF-E1C4ACFDC962}.Debug|ARM.Build.0 = Debug|Any CPU
		{90C5F63F-033D-4FB5-9EAF-E1C4ACFDC962}.Debug|ARM.Deploy.0 = Debug|Any CPU
		{90C5F63F-033D-4FB5-9EAF-E1C4ACFDC962}.Debug|iPhone.ActiveCfg = Debug|Any CPU
		{90C5F63F-033D-4FB5-9EAF-E1C4ACFDC962}.Debug|iPhone.Build.0 = Debug|Any CPU
		{90C5F63F-033D-4FB5-9EAF-E1C4ACFDC962}.Debug|iPhone.Deploy.0 = Debug|Any CPU
		{90C5F63F-033D-4FB5-9EAF-E1C4ACFDC962}.Debug|iPhoneSimulator.ActiveCfg = Debug|Any CPU
		{90C5F63F-033D-4FB5-9EAF-E1C4ACFDC962}.Debug|iPhoneSimulator.Build.0 = Debug|Any CPU
		{90C5F63F-033D-4FB5-9EAF-E1C4ACFDC962}.Debug|iPhoneSimulator.Deploy.0 = Debug|Any CPU
		{90C5F63F-033D-4FB5-9EAF-E1C4ACFDC962}.Debug|x64.ActiveCfg = Debug|Any CPU
		{90C5F63F-033D-4FB5-9EAF-E1C4ACFDC962}.Debug|x64.Build.0 = Debug|Any CPU
		{90C5F63F-033D-4FB5-9EAF-E1C4ACFDC962}.Debug|x64.Deploy.0 = Debug|Any CPU
		{90C5F63F-033D-4FB5-9EAF-E1C4ACFDC962}.Debug|x86.ActiveCfg = Debug|Any CPU
		{90C5F63F-033D-4FB5-9EAF-E1C4ACFDC962}.Debug|x86.Build.0 = Debug|Any CPU
		{90C5F63F-033D-4FB5-9EAF-E1C4ACFDC962}.Debug|x86.Deploy.0 = Debug|Any CPU
		{90C5F63F-033D-4FB5-9EAF-E1C4ACFDC962}.Release|Any CPU.ActiveCfg = Release|Any CPU
		{90C5F63F-033D-4FB5-9EAF-E1C4ACFDC962}.Release|Any CPU.Build.0 = Release|Any CPU
		{90C5F63F-033D-4FB5-9EAF-E1C4ACFDC962}.Release|Any CPU.Deploy.0 = Release|Any CPU
		{90C5F63F-033D-4FB5-9EAF-E1C4ACFDC962}.Release|ARM.ActiveCfg = Release|Any CPU
		{90C5F63F-033D-4FB5-9EAF-E1C4ACFDC962}.Release|ARM.Build.0 = Release|Any CPU
		{90C5F63F-033D-4FB5-9EAF-E1C4ACFDC962}.Release|ARM.Deploy.0 = Release|Any CPU
		{90C5F63F-033D-4FB5-9EAF-E1C4ACFDC962}.Release|iPhone.ActiveCfg = Release|Any CPU
		{90C5F63F-033D-4FB5-9EAF-E1C4ACFDC962}.Release|iPhone.Build.0 = Release|Any CPU
		{90C5F63F-033D-4FB5-9EAF-E1C4ACFDC962}.Release|iPhone.Deploy.0 = Release|Any CPU
		{90C5F63F-033D-4FB5-9EAF-E1C4ACFDC962}.Release|iPhoneSimulator.ActiveCfg = Release|Any CPU
		{90C5F63F-033D-4FB5-9EAF-E1C4ACFDC962}.Release|iPhoneSimulator.Build.0 = Release|Any CPU
		{90C5F63F-033D-4FB5-9EAF-E1C4ACFDC962}.Release|iPhoneSimulator.Deploy.0 = Release|Any CPU
		{90C5F63F-033D-4FB5-9EAF-E1C4ACFDC962}.Release|x64.ActiveCfg = Release|Any CPU
		{90C5F63F-033D-4FB5-9EAF-E1C4ACFDC962}.Release|x64.Build.0 = Release|Any CPU
		{90C5F63F-033D-4FB5-9EAF-E1C4ACFDC962}.Release|x64.Deploy.0 = Release|Any CPU
		{90C5F63F-033D-4FB5-9EAF-E1C4ACFDC962}.Release|x86.ActiveCfg = Release|Any CPU
		{90C5F63F-033D-4FB5-9EAF-E1C4ACFDC962}.Release|x86.Build.0 = Release|Any CPU
		{90C5F63F-033D-4FB5-9EAF-E1C4ACFDC962}.Release|x86.Deploy.0 = Release|Any CPU
		{78B0677D-94AF-4365-982D-5D313EA33358}.Ad-Hoc|Any CPU.ActiveCfg = Ad-Hoc|iPhone
		{78B0677D-94AF-4365-982D-5D313EA33358}.Ad-Hoc|ARM.ActiveCfg = Ad-Hoc|iPhone
		{78B0677D-94AF-4365-982D-5D313EA33358}.Ad-Hoc|iPhone.ActiveCfg = Ad-Hoc|iPhone
		{78B0677D-94AF-4365-982D-5D313EA33358}.Ad-Hoc|iPhone.Build.0 = Ad-Hoc|iPhone
		{78B0677D-94AF-4365-982D-5D313EA33358}.Ad-Hoc|iPhoneSimulator.ActiveCfg = Ad-Hoc|iPhoneSimulator
		{78B0677D-94AF-4365-982D-5D313EA33358}.Ad-Hoc|iPhoneSimulator.Build.0 = Ad-Hoc|iPhoneSimulator
		{78B0677D-94AF-4365-982D-5D313EA33358}.Ad-Hoc|x64.ActiveCfg = Ad-Hoc|iPhone
		{78B0677D-94AF-4365-982D-5D313EA33358}.Ad-Hoc|x86.ActiveCfg = Ad-Hoc|iPhone
		{78B0677D-94AF-4365-982D-5D313EA33358}.AppStore|Any CPU.ActiveCfg = AppStore|iPhone
		{78B0677D-94AF-4365-982D-5D313EA33358}.AppStore|ARM.ActiveCfg = AppStore|iPhone
		{78B0677D-94AF-4365-982D-5D313EA33358}.AppStore|iPhone.ActiveCfg = AppStore|iPhone
		{78B0677D-94AF-4365-982D-5D313EA33358}.AppStore|iPhone.Build.0 = AppStore|iPhone
		{78B0677D-94AF-4365-982D-5D313EA33358}.AppStore|iPhoneSimulator.ActiveCfg = AppStore|iPhoneSimulator
		{78B0677D-94AF-4365-982D-5D313EA33358}.AppStore|iPhoneSimulator.Build.0 = AppStore|iPhoneSimulator
		{78B0677D-94AF-4365-982D-5D313EA33358}.AppStore|x64.ActiveCfg = AppStore|iPhone
		{78B0677D-94AF-4365-982D-5D313EA33358}.AppStore|x86.ActiveCfg = AppStore|iPhone
		{78B0677D-94AF-4365-982D-5D313EA33358}.Debug|Any CPU.ActiveCfg = Debug|iPhoneSimulator
		{78B0677D-94AF-4365-982D-5D313EA33358}.Debug|Any CPU.Build.0 = Debug|iPhoneSimulator
		{78B0677D-94AF-4365-982D-5D313EA33358}.Debug|ARM.ActiveCfg = Debug|iPhone
		{78B0677D-94AF-4365-982D-5D313EA33358}.Debug|iPhone.ActiveCfg = Debug|iPhone
		{78B0677D-94AF-4365-982D-5D313EA33358}.Debug|iPhone.Build.0 = Debug|iPhone
		{78B0677D-94AF-4365-982D-5D313EA33358}.Debug|iPhoneSimulator.ActiveCfg = Debug|iPhoneSimulator
		{78B0677D-94AF-4365-982D-5D313EA33358}.Debug|iPhoneSimulator.Build.0 = Debug|iPhoneSimulator
		{78B0677D-94AF-4365-982D-5D313EA33358}.Debug|x64.ActiveCfg = Debug|iPhone
		{78B0677D-94AF-4365-982D-5D313EA33358}.Debug|x86.ActiveCfg = Debug|iPhone
		{78B0677D-94AF-4365-982D-5D313EA33358}.Release|Any CPU.ActiveCfg = Release|iPhone
		{78B0677D-94AF-4365-982D-5D313EA33358}.Release|ARM.ActiveCfg = Release|iPhone
		{78B0677D-94AF-4365-982D-5D313EA33358}.Release|iPhone.ActiveCfg = Release|iPhone
		{78B0677D-94AF-4365-982D-5D313EA33358}.Release|iPhone.Build.0 = Release|iPhone
		{78B0677D-94AF-4365-982D-5D313EA33358}.Release|iPhoneSimulator.ActiveCfg = Release|iPhoneSimulator
		{78B0677D-94AF-4365-982D-5D313EA33358}.Release|iPhoneSimulator.Build.0 = Release|iPhoneSimulator
		{78B0677D-94AF-4365-982D-5D313EA33358}.Release|x64.ActiveCfg = Release|iPhone
		{78B0677D-94AF-4365-982D-5D313EA33358}.Release|x86.ActiveCfg = Release|iPhone
		{8F127120-2F03-4AAD-B2FF-44E51CEBB739}.Ad-Hoc|Any CPU.ActiveCfg = Release|x64
		{8F127120-2F03-4AAD-B2FF-44E51CEBB739}.Ad-Hoc|Any CPU.Build.0 = Release|x64
		{8F127120-2F03-4AAD-B2FF-44E51CEBB739}.Ad-Hoc|Any CPU.Deploy.0 = Release|x64
		{8F127120-2F03-4AAD-B2FF-44E51CEBB739}.Ad-Hoc|ARM.ActiveCfg = Release|ARM
		{8F127120-2F03-4AAD-B2FF-44E51CEBB739}.Ad-Hoc|ARM.Build.0 = Release|ARM
		{8F127120-2F03-4AAD-B2FF-44E51CEBB739}.Ad-Hoc|ARM.Deploy.0 = Release|ARM
		{8F127120-2F03-4AAD-B2FF-44E51CEBB739}.Ad-Hoc|iPhone.ActiveCfg = Release|x64
		{8F127120-2F03-4AAD-B2FF-44E51CEBB739}.Ad-Hoc|iPhone.Build.0 = Release|x64
		{8F127120-2F03-4AAD-B2FF-44E51CEBB739}.Ad-Hoc|iPhone.Deploy.0 = Release|x64
		{8F127120-2F03-4AAD-B2FF-44E51CEBB739}.Ad-Hoc|iPhoneSimulator.ActiveCfg = Release|x64
		{8F127120-2F03-4AAD-B2FF-44E51CEBB739}.Ad-Hoc|iPhoneSimulator.Build.0 = Release|x64
		{8F127120-2F03-4AAD-B2FF-44E51CEBB739}.Ad-Hoc|iPhoneSimulator.Deploy.0 = Release|x64
		{8F127120-2F03-4AAD-B2FF-44E51CEBB739}.Ad-Hoc|x64.ActiveCfg = Release|x64
		{8F127120-2F03-4AAD-B2FF-44E51CEBB739}.Ad-Hoc|x64.Build.0 = Release|x64
		{8F127120-2F03-4AAD-B2FF-44E51CEBB739}.Ad-Hoc|x64.Deploy.0 = Release|x64
		{8F127120-2F03-4AAD-B2FF-44E51CEBB739}.Ad-Hoc|x86.ActiveCfg = Release|x86
		{8F127120-2F03-4AAD-B2FF-44E51CEBB739}.Ad-Hoc|x86.Build.0 = Release|x86
		{8F127120-2F03-4AAD-B2FF-44E51CEBB739}.Ad-Hoc|x86.Deploy.0 = Release|x86
		{8F127120-2F03-4AAD-B2FF-44E51CEBB739}.AppStore|Any CPU.ActiveCfg = Release|x64
		{8F127120-2F03-4AAD-B2FF-44E51CEBB739}.AppStore|Any CPU.Build.0 = Release|x64
		{8F127120-2F03-4AAD-B2FF-44E51CEBB739}.AppStore|Any CPU.Deploy.0 = Release|x64
		{8F127120-2F03-4AAD-B2FF-44E51CEBB739}.AppStore|ARM.ActiveCfg = Release|ARM
		{8F127120-2F03-4AAD-B2FF-44E51CEBB739}.AppStore|ARM.Build.0 = Release|ARM
		{8F127120-2F03-4AAD-B2FF-44E51CEBB739}.AppStore|ARM.Deploy.0 = Release|ARM
		{8F127120-2F03-4AAD-B2FF-44E51CEBB739}.AppStore|iPhone.ActiveCfg = Release|x64
		{8F127120-2F03-4AAD-B2FF-44E51CEBB739}.AppStore|iPhone.Build.0 = Release|x64
		{8F127120-2F03-4AAD-B2FF-44E51CEBB739}.AppStore|iPhone.Deploy.0 = Release|x64
		{8F127120-2F03-4AAD-B2FF-44E51CEBB739}.AppStore|iPhoneSimulator.ActiveCfg = Release|x64
		{8F127120-2F03-4AAD-B2FF-44E51CEBB739}.AppStore|iPhoneSimulator.Build.0 = Release|x64
		{8F127120-2F03-4AAD-B2FF-44E51CEBB739}.AppStore|iPhoneSimulator.Deploy.0 = Release|x64
		{8F127120-2F03-4AAD-B2FF-44E51CEBB739}.AppStore|x64.ActiveCfg = Release|x64
		{8F127120-2F03-4AAD-B2FF-44E51CEBB739}.AppStore|x64.Build.0 = Release|x64
		{8F127120-2F03-4AAD-B2FF-44E51CEBB739}.AppStore|x64.Deploy.0 = Release|x64
		{8F127120-2F03-4AAD-B2FF-44E51CEBB739}.AppStore|x86.ActiveCfg = Release|x86
		{8F127120-2F03-4AAD-B2FF-44E51CEBB739}.AppStore|x86.Build.0 = Release|x86
		{8F127120-2F03-4AAD-B2FF-44E51CEBB739}.AppStore|x86.Deploy.0 = Release|x86
		{8F127120-2F03-4AAD-B2FF-44E51CEBB739}.Debug|Any CPU.ActiveCfg = Debug|x64
		{8F127120-2F03-4AAD-B2FF-44E51CEBB739}.Debug|Any CPU.Build.0 = Debug|x64
		{8F127120-2F03-4AAD-B2FF-44E51CEBB739}.Debug|Any CPU.Deploy.0 = Debug|x64
		{8F127120-2F03-4AAD-B2FF-44E51CEBB739}.Debug|ARM.ActiveCfg = Debug|ARM
		{8F127120-2F03-4AAD-B2FF-44E51CEBB739}.Debug|ARM.Build.0 = Debug|ARM
		{8F127120-2F03-4AAD-B2FF-44E51CEBB739}.Debug|ARM.Deploy.0 = Debug|ARM
		{8F127120-2F03-4AAD-B2FF-44E51CEBB739}.Debug|iPhone.ActiveCfg = Debug|x86
		{8F127120-2F03-4AAD-B2FF-44E51CEBB739}.Debug|iPhoneSimulator.ActiveCfg = Debug|x86
		{8F127120-2F03-4AAD-B2FF-44E51CEBB739}.Debug|x64.ActiveCfg = Debug|x64
		{8F127120-2F03-4AAD-B2FF-44E51CEBB739}.Debug|x64.Build.0 = Debug|x64
		{8F127120-2F03-4AAD-B2FF-44E51CEBB739}.Debug|x64.Deploy.0 = Debug|x64
		{8F127120-2F03-4AAD-B2FF-44E51CEBB739}.Debug|x86.ActiveCfg = Debug|x86
		{8F127120-2F03-4AAD-B2FF-44E51CEBB739}.Debug|x86.Build.0 = Debug|x86
		{8F127120-2F03-4AAD-B2FF-44E51CEBB739}.Debug|x86.Deploy.0 = Debug|x86
		{8F127120-2F03-4AAD-B2FF-44E51CEBB739}.Release|Any CPU.ActiveCfg = Release|x86
		{8F127120-2F03-4AAD-B2FF-44E51CEBB739}.Release|ARM.ActiveCfg = Release|ARM
		{8F127120-2F03-4AAD-B2FF-44E51CEBB739}.Release|ARM.Build.0 = Release|ARM
		{8F127120-2F03-4AAD-B2FF-44E51CEBB739}.Release|ARM.Deploy.0 = Release|ARM
		{8F127120-2F03-4AAD-B2FF-44E51CEBB739}.Release|iPhone.ActiveCfg = Release|x86
		{8F127120-2F03-4AAD-B2FF-44E51CEBB739}.Release|iPhoneSimulator.ActiveCfg = Release|x86
		{8F127120-2F03-4AAD-B2FF-44E51CEBB739}.Release|x64.ActiveCfg = Release|x64
		{8F127120-2F03-4AAD-B2FF-44E51CEBB739}.Release|x64.Build.0 = Release|x64
		{8F127120-2F03-4AAD-B2FF-44E51CEBB739}.Release|x64.Deploy.0 = Release|x64
		{8F127120-2F03-4AAD-B2FF-44E51CEBB739}.Release|x86.ActiveCfg = Release|x86
		{8F127120-2F03-4AAD-B2FF-44E51CEBB739}.Release|x86.Build.0 = Release|x86
		{8F127120-2F03-4AAD-B2FF-44E51CEBB739}.Release|x86.Deploy.0 = Release|x86
		{842CEDD0-3AB9-4DBF-A1FF-A85CF6AF1F25}.Ad-Hoc|Any CPU.ActiveCfg = Debug|Any CPU
		{842CEDD0-3AB9-4DBF-A1FF-A85CF6AF1F25}.Ad-Hoc|Any CPU.Build.0 = Debug|Any CPU
		{842CEDD0-3AB9-4DBF-A1FF-A85CF6AF1F25}.Ad-Hoc|ARM.ActiveCfg = Debug|Any CPU
		{842CEDD0-3AB9-4DBF-A1FF-A85CF6AF1F25}.Ad-Hoc|ARM.Build.0 = Debug|Any CPU
		{842CEDD0-3AB9-4DBF-A1FF-A85CF6AF1F25}.Ad-Hoc|iPhone.ActiveCfg = Debug|Any CPU
		{842CEDD0-3AB9-4DBF-A1FF-A85CF6AF1F25}.Ad-Hoc|iPhone.Build.0 = Debug|Any CPU
		{842CEDD0-3AB9-4DBF-A1FF-A85CF6AF1F25}.Ad-Hoc|iPhoneSimulator.ActiveCfg = Debug|Any CPU
		{842CEDD0-3AB9-4DBF-A1FF-A85CF6AF1F25}.Ad-Hoc|iPhoneSimulator.Build.0 = Debug|Any CPU
		{842CEDD0-3AB9-4DBF-A1FF-A85CF6AF1F25}.Ad-Hoc|x64.ActiveCfg = Debug|Any CPU
		{842CEDD0-3AB9-4DBF-A1FF-A85CF6AF1F25}.Ad-Hoc|x64.Build.0 = Debug|Any CPU
		{842CEDD0-3AB9-4DBF-A1FF-A85CF6AF1F25}.Ad-Hoc|x86.ActiveCfg = Debug|Any CPU
		{842CEDD0-3AB9-4DBF-A1FF-A85CF6AF1F25}.Ad-Hoc|x86.Build.0 = Debug|Any CPU
		{842CEDD0-3AB9-4DBF-A1FF-A85CF6AF1F25}.AppStore|Any CPU.ActiveCfg = Debug|Any CPU
		{842CEDD0-3AB9-4DBF-A1FF-A85CF6AF1F25}.AppStore|Any CPU.Build.0 = Debug|Any CPU
		{842CEDD0-3AB9-4DBF-A1FF-A85CF6AF1F25}.AppStore|ARM.ActiveCfg = Debug|Any CPU
		{842CEDD0-3AB9-4DBF-A1FF-A85CF6AF1F25}.AppStore|ARM.Build.0 = Debug|Any CPU
		{842CEDD0-3AB9-4DBF-A1FF-A85CF6AF1F25}.AppStore|iPhone.ActiveCfg = Debug|Any CPU
		{842CEDD0-3AB9-4DBF-A1FF-A85CF6AF1F25}.AppStore|iPhone.Build.0 = Debug|Any CPU
		{842CEDD0-3AB9-4DBF-A1FF-A85CF6AF1F25}.AppStore|iPhoneSimulator.ActiveCfg = Debug|Any CPU
		{842CEDD0-3AB9-4DBF-A1FF-A85CF6AF1F25}.AppStore|iPhoneSimulator.Build.0 = Debug|Any CPU
		{842CEDD0-3AB9-4DBF-A1FF-A85CF6AF1F25}.AppStore|x64.ActiveCfg = Debug|Any CPU
		{842CEDD0-3AB9-4DBF-A1FF-A85CF6AF1F25}.AppStore|x64.Build.0 = Debug|Any CPU
		{842CEDD0-3AB9-4DBF-A1FF-A85CF6AF1F25}.AppStore|x86.ActiveCfg = Debug|Any CPU
		{842CEDD0-3AB9-4DBF-A1FF-A85CF6AF1F25}.AppStore|x86.Build.0 = Debug|Any CPU
		{842CEDD0-3AB9-4DBF-A1FF-A85CF6AF1F25}.Debug|Any CPU.ActiveCfg = Debug|Any CPU
		{842CEDD0-3AB9-4DBF-A1FF-A85CF6AF1F25}.Debug|Any CPU.Build.0 = Debug|Any CPU
		{842CEDD0-3AB9-4DBF-A1FF-A85CF6AF1F25}.Debug|ARM.ActiveCfg = Debug|Any CPU
		{842CEDD0-3AB9-4DBF-A1FF-A85CF6AF1F25}.Debug|ARM.Build.0 = Debug|Any CPU
		{842CEDD0-3AB9-4DBF-A1FF-A85CF6AF1F25}.Debug|iPhone.ActiveCfg = Debug|Any CPU
		{842CEDD0-3AB9-4DBF-A1FF-A85CF6AF1F25}.Debug|iPhone.Build.0 = Debug|Any CPU
		{842CEDD0-3AB9-4DBF-A1FF-A85CF6AF1F25}.Debug|iPhoneSimulator.ActiveCfg = Debug|Any CPU
		{842CEDD0-3AB9-4DBF-A1FF-A85CF6AF1F25}.Debug|iPhoneSimulator.Build.0 = Debug|Any CPU
		{842CEDD0-3AB9-4DBF-A1FF-A85CF6AF1F25}.Debug|x64.ActiveCfg = Debug|Any CPU
		{842CEDD0-3AB9-4DBF-A1FF-A85CF6AF1F25}.Debug|x64.Build.0 = Debug|Any CPU
		{842CEDD0-3AB9-4DBF-A1FF-A85CF6AF1F25}.Debug|x86.ActiveCfg = Debug|Any CPU
		{842CEDD0-3AB9-4DBF-A1FF-A85CF6AF1F25}.Debug|x86.Build.0 = Debug|Any CPU
		{842CEDD0-3AB9-4DBF-A1FF-A85CF6AF1F25}.Release|Any CPU.ActiveCfg = Release|Any CPU
		{842CEDD0-3AB9-4DBF-A1FF-A85CF6AF1F25}.Release|Any CPU.Build.0 = Release|Any CPU
		{842CEDD0-3AB9-4DBF-A1FF-A85CF6AF1F25}.Release|ARM.ActiveCfg = Release|Any CPU
		{842CEDD0-3AB9-4DBF-A1FF-A85CF6AF1F25}.Release|ARM.Build.0 = Release|Any CPU
		{842CEDD0-3AB9-4DBF-A1FF-A85CF6AF1F25}.Release|iPhone.ActiveCfg = Release|Any CPU
		{842CEDD0-3AB9-4DBF-A1FF-A85CF6AF1F25}.Release|iPhone.Build.0 = Release|Any CPU
		{842CEDD0-3AB9-4DBF-A1FF-A85CF6AF1F25}.Release|iPhoneSimulator.ActiveCfg = Release|Any CPU
		{842CEDD0-3AB9-4DBF-A1FF-A85CF6AF1F25}.Release|iPhoneSimulator.Build.0 = Release|Any CPU
		{842CEDD0-3AB9-4DBF-A1FF-A85CF6AF1F25}.Release|x64.ActiveCfg = Release|Any CPU
		{842CEDD0-3AB9-4DBF-A1FF-A85CF6AF1F25}.Release|x64.Build.0 = Release|Any CPU
		{842CEDD0-3AB9-4DBF-A1FF-A85CF6AF1F25}.Release|x86.ActiveCfg = Release|Any CPU
		{842CEDD0-3AB9-4DBF-A1FF-A85CF6AF1F25}.Release|x86.Build.0 = Release|Any CPU
		{6F2DF8AD-C96B-4372-89D2-4269B1511BCF}.Ad-Hoc|Any CPU.ActiveCfg = Debug|Any CPU
		{6F2DF8AD-C96B-4372-89D2-4269B1511BCF}.Ad-Hoc|Any CPU.Build.0 = Debug|Any CPU
		{6F2DF8AD-C96B-4372-89D2-4269B1511BCF}.Ad-Hoc|ARM.ActiveCfg = Debug|Any CPU
		{6F2DF8AD-C96B-4372-89D2-4269B1511BCF}.Ad-Hoc|ARM.Build.0 = Debug|Any CPU
		{6F2DF8AD-C96B-4372-89D2-4269B1511BCF}.Ad-Hoc|iPhone.ActiveCfg = Debug|Any CPU
		{6F2DF8AD-C96B-4372-89D2-4269B1511BCF}.Ad-Hoc|iPhone.Build.0 = Debug|Any CPU
		{6F2DF8AD-C96B-4372-89D2-4269B1511BCF}.Ad-Hoc|iPhoneSimulator.ActiveCfg = Debug|Any CPU
		{6F2DF8AD-C96B-4372-89D2-4269B1511BCF}.Ad-Hoc|iPhoneSimulator.Build.0 = Debug|Any CPU
		{6F2DF8AD-C96B-4372-89D2-4269B1511BCF}.Ad-Hoc|x64.ActiveCfg = Debug|Any CPU
		{6F2DF8AD-C96B-4372-89D2-4269B1511BCF}.Ad-Hoc|x64.Build.0 = Debug|Any CPU
		{6F2DF8AD-C96B-4372-89D2-4269B1511BCF}.Ad-Hoc|x86.ActiveCfg = Debug|Any CPU
		{6F2DF8AD-C96B-4372-89D2-4269B1511BCF}.Ad-Hoc|x86.Build.0 = Debug|Any CPU
		{6F2DF8AD-C96B-4372-89D2-4269B1511BCF}.AppStore|Any CPU.ActiveCfg = Debug|Any CPU
		{6F2DF8AD-C96B-4372-89D2-4269B1511BCF}.AppStore|Any CPU.Build.0 = Debug|Any CPU
		{6F2DF8AD-C96B-4372-89D2-4269B1511BCF}.AppStore|ARM.ActiveCfg = Debug|Any CPU
		{6F2DF8AD-C96B-4372-89D2-4269B1511BCF}.AppStore|ARM.Build.0 = Debug|Any CPU
		{6F2DF8AD-C96B-4372-89D2-4269B1511BCF}.AppStore|iPhone.ActiveCfg = Debug|Any CPU
		{6F2DF8AD-C96B-4372-89D2-4269B1511BCF}.AppStore|iPhone.Build.0 = Debug|Any CPU
		{6F2DF8AD-C96B-4372-89D2-4269B1511BCF}.AppStore|iPhoneSimulator.ActiveCfg = Debug|Any CPU
		{6F2DF8AD-C96B-4372-89D2-4269B1511BCF}.AppStore|iPhoneSimulator.Build.0 = Debug|Any CPU
		{6F2DF8AD-C96B-4372-89D2-4269B1511BCF}.AppStore|x64.ActiveCfg = Debug|Any CPU
		{6F2DF8AD-C96B-4372-89D2-4269B1511BCF}.AppStore|x64.Build.0 = Debug|Any CPU
		{6F2DF8AD-C96B-4372-89D2-4269B1511BCF}.AppStore|x86.ActiveCfg = Debug|Any CPU
		{6F2DF8AD-C96B-4372-89D2-4269B1511BCF}.AppStore|x86.Build.0 = Debug|Any CPU
		{6F2DF8AD-C96B-4372-89D2-4269B1511BCF}.Debug|Any CPU.ActiveCfg = Debug|Any CPU
		{6F2DF8AD-C96B-4372-89D2-4269B1511BCF}.Debug|Any CPU.Build.0 = Debug|Any CPU
		{6F2DF8AD-C96B-4372-89D2-4269B1511BCF}.Debug|ARM.ActiveCfg = Debug|Any CPU
		{6F2DF8AD-C96B-4372-89D2-4269B1511BCF}.Debug|ARM.Build.0 = Debug|Any CPU
		{6F2DF8AD-C96B-4372-89D2-4269B1511BCF}.Debug|iPhone.ActiveCfg = Debug|Any CPU
		{6F2DF8AD-C96B-4372-89D2-4269B1511BCF}.Debug|iPhone.Build.0 = Debug|Any CPU
		{6F2DF8AD-C96B-4372-89D2-4269B1511BCF}.Debug|iPhoneSimulator.ActiveCfg = Debug|Any CPU
		{6F2DF8AD-C96B-4372-89D2-4269B1511BCF}.Debug|iPhoneSimulator.Build.0 = Debug|Any CPU
		{6F2DF8AD-C96B-4372-89D2-4269B1511BCF}.Debug|x64.ActiveCfg = Debug|Any CPU
		{6F2DF8AD-C96B-4372-89D2-4269B1511BCF}.Debug|x64.Build.0 = Debug|Any CPU
		{6F2DF8AD-C96B-4372-89D2-4269B1511BCF}.Debug|x86.ActiveCfg = Debug|Any CPU
		{6F2DF8AD-C96B-4372-89D2-4269B1511BCF}.Debug|x86.Build.0 = Debug|Any CPU
		{6F2DF8AD-C96B-4372-89D2-4269B1511BCF}.Release|Any CPU.ActiveCfg = Release|Any CPU
		{6F2DF8AD-C96B-4372-89D2-4269B1511BCF}.Release|Any CPU.Build.0 = Release|Any CPU
		{6F2DF8AD-C96B-4372-89D2-4269B1511BCF}.Release|ARM.ActiveCfg = Release|Any CPU
		{6F2DF8AD-C96B-4372-89D2-4269B1511BCF}.Release|ARM.Build.0 = Release|Any CPU
		{6F2DF8AD-C96B-4372-89D2-4269B1511BCF}.Release|iPhone.ActiveCfg = Release|Any CPU
		{6F2DF8AD-C96B-4372-89D2-4269B1511BCF}.Release|iPhone.Build.0 = Release|Any CPU
		{6F2DF8AD-C96B-4372-89D2-4269B1511BCF}.Release|iPhoneSimulator.ActiveCfg = Release|Any CPU
		{6F2DF8AD-C96B-4372-89D2-4269B1511BCF}.Release|iPhoneSimulator.Build.0 = Release|Any CPU
		{6F2DF8AD-C96B-4372-89D2-4269B1511BCF}.Release|x64.ActiveCfg = Release|Any CPU
		{6F2DF8AD-C96B-4372-89D2-4269B1511BCF}.Release|x64.Build.0 = Release|Any CPU
		{6F2DF8AD-C96B-4372-89D2-4269B1511BCF}.Release|x86.ActiveCfg = Release|Any CPU
		{6F2DF8AD-C96B-4372-89D2-4269B1511BCF}.Release|x86.Build.0 = Release|Any CPU
		{0D126607-9B40-4DBA-ADF9-F90DE50FA8F9}.Ad-Hoc|Any CPU.ActiveCfg = Debug|Any CPU
		{0D126607-9B40-4DBA-ADF9-F90DE50FA8F9}.Ad-Hoc|Any CPU.Build.0 = Debug|Any CPU
		{0D126607-9B40-4DBA-ADF9-F90DE50FA8F9}.Ad-Hoc|ARM.ActiveCfg = Debug|Any CPU
		{0D126607-9B40-4DBA-ADF9-F90DE50FA8F9}.Ad-Hoc|ARM.Build.0 = Debug|Any CPU
		{0D126607-9B40-4DBA-ADF9-F90DE50FA8F9}.Ad-Hoc|iPhone.ActiveCfg = Debug|Any CPU
		{0D126607-9B40-4DBA-ADF9-F90DE50FA8F9}.Ad-Hoc|iPhone.Build.0 = Debug|Any CPU
		{0D126607-9B40-4DBA-ADF9-F90DE50FA8F9}.Ad-Hoc|iPhoneSimulator.ActiveCfg = Debug|Any CPU
		{0D126607-9B40-4DBA-ADF9-F90DE50FA8F9}.Ad-Hoc|iPhoneSimulator.Build.0 = Debug|Any CPU
		{0D126607-9B40-4DBA-ADF9-F90DE50FA8F9}.Ad-Hoc|x64.ActiveCfg = Debug|Any CPU
		{0D126607-9B40-4DBA-ADF9-F90DE50FA8F9}.Ad-Hoc|x64.Build.0 = Debug|Any CPU
		{0D126607-9B40-4DBA-ADF9-F90DE50FA8F9}.Ad-Hoc|x86.ActiveCfg = Debug|Any CPU
		{0D126607-9B40-4DBA-ADF9-F90DE50FA8F9}.Ad-Hoc|x86.Build.0 = Debug|Any CPU
		{0D126607-9B40-4DBA-ADF9-F90DE50FA8F9}.AppStore|Any CPU.ActiveCfg = Debug|Any CPU
		{0D126607-9B40-4DBA-ADF9-F90DE50FA8F9}.AppStore|Any CPU.Build.0 = Debug|Any CPU
		{0D126607-9B40-4DBA-ADF9-F90DE50FA8F9}.AppStore|ARM.ActiveCfg = Debug|Any CPU
		{0D126607-9B40-4DBA-ADF9-F90DE50FA8F9}.AppStore|ARM.Build.0 = Debug|Any CPU
		{0D126607-9B40-4DBA-ADF9-F90DE50FA8F9}.AppStore|iPhone.ActiveCfg = Debug|Any CPU
		{0D126607-9B40-4DBA-ADF9-F90DE50FA8F9}.AppStore|iPhone.Build.0 = Debug|Any CPU
		{0D126607-9B40-4DBA-ADF9-F90DE50FA8F9}.AppStore|iPhoneSimulator.ActiveCfg = Debug|Any CPU
		{0D126607-9B40-4DBA-ADF9-F90DE50FA8F9}.AppStore|iPhoneSimulator.Build.0 = Debug|Any CPU
		{0D126607-9B40-4DBA-ADF9-F90DE50FA8F9}.AppStore|x64.ActiveCfg = Debug|Any CPU
		{0D126607-9B40-4DBA-ADF9-F90DE50FA8F9}.AppStore|x64.Build.0 = Debug|Any CPU
		{0D126607-9B40-4DBA-ADF9-F90DE50FA8F9}.AppStore|x86.ActiveCfg = Debug|Any CPU
		{0D126607-9B40-4DBA-ADF9-F90DE50FA8F9}.AppStore|x86.Build.0 = Debug|Any CPU
		{0D126607-9B40-4DBA-ADF9-F90DE50FA8F9}.Debug|Any CPU.ActiveCfg = Debug|Any CPU
		{0D126607-9B40-4DBA-ADF9-F90DE50FA8F9}.Debug|Any CPU.Build.0 = Debug|Any CPU
		{0D126607-9B40-4DBA-ADF9-F90DE50FA8F9}.Debug|ARM.ActiveCfg = Debug|Any CPU
		{0D126607-9B40-4DBA-ADF9-F90DE50FA8F9}.Debug|ARM.Build.0 = Debug|Any CPU
		{0D126607-9B40-4DBA-ADF9-F90DE50FA8F9}.Debug|iPhone.ActiveCfg = Debug|Any CPU
		{0D126607-9B40-4DBA-ADF9-F90DE50FA8F9}.Debug|iPhone.Build.0 = Debug|Any CPU
		{0D126607-9B40-4DBA-ADF9-F90DE50FA8F9}.Debug|iPhoneSimulator.ActiveCfg = Debug|Any CPU
		{0D126607-9B40-4DBA-ADF9-F90DE50FA8F9}.Debug|iPhoneSimulator.Build.0 = Debug|Any CPU
		{0D126607-9B40-4DBA-ADF9-F90DE50FA8F9}.Debug|x64.ActiveCfg = Debug|Any CPU
		{0D126607-9B40-4DBA-ADF9-F90DE50FA8F9}.Debug|x64.Build.0 = Debug|Any CPU
		{0D126607-9B40-4DBA-ADF9-F90DE50FA8F9}.Debug|x86.ActiveCfg = Debug|Any CPU
		{0D126607-9B40-4DBA-ADF9-F90DE50FA8F9}.Debug|x86.Build.0 = Debug|Any CPU
		{0D126607-9B40-4DBA-ADF9-F90DE50FA8F9}.Release|Any CPU.ActiveCfg = Release|Any CPU
		{0D126607-9B40-4DBA-ADF9-F90DE50FA8F9}.Release|Any CPU.Build.0 = Release|Any CPU
		{0D126607-9B40-4DBA-ADF9-F90DE50FA8F9}.Release|ARM.ActiveCfg = Release|Any CPU
		{0D126607-9B40-4DBA-ADF9-F90DE50FA8F9}.Release|ARM.Build.0 = Release|Any CPU
		{0D126607-9B40-4DBA-ADF9-F90DE50FA8F9}.Release|iPhone.ActiveCfg = Release|Any CPU
		{0D126607-9B40-4DBA-ADF9-F90DE50FA8F9}.Release|iPhone.Build.0 = Release|Any CPU
		{0D126607-9B40-4DBA-ADF9-F90DE50FA8F9}.Release|iPhoneSimulator.ActiveCfg = Release|Any CPU
		{0D126607-9B40-4DBA-ADF9-F90DE50FA8F9}.Release|iPhoneSimulator.Build.0 = Release|Any CPU
		{0D126607-9B40-4DBA-ADF9-F90DE50FA8F9}.Release|x64.ActiveCfg = Release|Any CPU
		{0D126607-9B40-4DBA-ADF9-F90DE50FA8F9}.Release|x64.Build.0 = Release|Any CPU
		{0D126607-9B40-4DBA-ADF9-F90DE50FA8F9}.Release|x86.ActiveCfg = Release|Any CPU
		{0D126607-9B40-4DBA-ADF9-F90DE50FA8F9}.Release|x86.Build.0 = Release|Any CPU
	EndGlobalSection
	GlobalSection(SolutionProperties) = preSolution
		HideSolutionNode = FALSE
	EndGlobalSection
EndGlobal
